# @generated - this file is auto-generated by `mise lock` https://mise.jdx.dev/dev-tools/mise-lock.html

[[tools.go]]
version = "1.26.7"
backend = "core:go"

[tools.go."platforms.linux-arm64"]
checksum = "sha256:5a4ec883379d51ee9ce1040d5e87f8d35e20387574dd8c947feb01eabc3c1b37"
url = "https://dl.google.com/go/go1.26.7.linux-arm64.tar.gz"

[tools.go."platforms.linux-arm64-musl"]
checksum = "sha256:5a4ec883379d51ee9ce1040d5e87f8d35e20387574dd8c947feb01eabc3c1b37"
url = "https://dl.google.com/go/go1.26.7.linux-arm64.tar.gz"

[tools.go."platforms.linux-x64"]
checksum = "sha256:ffb5f8de10c62550dfddab66b36b57030721e0a44a3218e9e1181d7b59f121ca"
url = "https://dl.google.com/go/go1.26.7.linux-amd64.tar.gz"

[tools.go."platforms.linux-x64-musl"]
checksum = "sha256:ffb5f8de10c62550dfddab66b36b57030721e0a44a3218e9e1181d7b59f121ca"
url = "https://dl.google.com/go/go1.26.7.linux-amd64.tar.gz"

[tools.go."platforms.macos-arm64"]
checksum = "sha256:020a1e8224811be75163e920bc77e0926a1390a6aeea19bdcf23f74b9d749f6d"
url = "https://dl.google.com/go/go1.26.7.darwin-arm64.tar.gz"

[tools.go."platforms.macos-x64"]
checksum = "sha256:92e8b34bff3c89ab16404c595669ac8cb004cc2f676dcbd1f5b87a6b8def3b47"
url = "https://dl.google.com/go/go1.26.7.darwin-amd64.tar.gz"

[tools.go."platforms.windows-x64"]
checksum = "sha256:f4f534a486e4bc3387fa18f08208f2f854b7aaea8a08f2a2d829a914a05abb11"
url = "https://dl.google.com/go/go1.26.7.windows-amd64.zip"

[[tools."go:github.com/bflad/tfproviderlint/cmd/tfproviderlint"]]
version = "0.31.0"
backend = "go:github.com/bflad/tfproviderlint/cmd/tfproviderlint"

[[tools."go:github.com/hashicorp/terraform-plugin-docs/cmd/tfplugindocs"]]
version = "0.25.0"
backend = "go:github.com/hashicorp/terraform-plugin-docs/cmd/tfplugindocs"

[[tools.goreleaser]]
version = "2.14.3"
backend = "aqua:goreleaser/goreleaser"

[tools.goreleaser."platforms.linux-arm64"]
checksum = "sha256:581a10e53c1176b3e81ee45cf531e02dbf899db0bc7b795669347df4276ce948"
url = "https://github.com/goreleaser/goreleaser/releases/download/v2.14.3/goreleaser_Linux_arm64.tar.gz"
url_api = "https://api.github.com/repos/goreleaser/goreleaser/releases/assets/370190230"
provenance = "github-attestations"

[tools.goreleaser."platforms.linux-arm64-musl"]
checksum = "sha256:581a10e53c1176b3e81ee45cf531e02dbf899db0bc7b795669347df4276ce948"
url = "https://github.com/goreleaser/goreleaser/releases/download/v2.14.3/goreleaser_Linux_arm64.tar.gz"
url_api = "https://api.github.com/repos/goreleaser/goreleaser/releases/assets/370190230"
provenance = "github-attestations"

[tools.goreleaser."platforms.linux-x64"]
checksum = "sha256:dc7faeeeb6da8bdfda788626263a4ae725892a8c7504b975c3234127d4a44579"
url = "https://github.com/goreleaser/goreleaser/releases/download/v2.14.3/goreleaser_Linux_x86_64.tar.gz"
url_api = "https://api.github.com/repos/goreleaser/goreleaser/releases/assets/370190264"
provenance = "github-attestations"

[tools.goreleaser."platforms.linux-x64-musl"]
checksum = "sha256:dc7faeeeb6da8bdfda788626263a4ae725892a8c7504b975c3234127d4a44579"
url = "https://github.com/goreleaser/goreleaser/releases/download/v2.14.3/goreleaser_Linux_x86_64.tar.gz"
url_api = "https://api.github.com/repos/goreleaser/goreleaser/releases/assets/370190264"
provenance = "github-attestations"

[tools.goreleaser."platforms.macos-arm64"]
checksum = "sha256:3507798489e107a78aff36b169de48148a335ac26eb3161608d905f3f3a957bd"
url = "https://github.com/goreleaser/goreleaser/releases/download/v2.14.3/goreleaser_Darwin_all.tar.gz"
url_api = "https://api.github.com/repos/goreleaser/goreleaser/releases/assets/370190273"
provenance = "github-attestations"

[tools.goreleaser."platforms.macos-x64"]
checksum = "sha256:3507798489e107a78aff36b169de48148a335ac26eb3161608d905f3f3a957bd"
url = "https://github.com/goreleaser/goreleaser/releases/download/v2.14.3/goreleaser_Darwin_all.tar.gz"
url_api = "https://api.github.com/repos/goreleaser/goreleaser/releases/assets/370190273"
provenance = "github-attestations"

[tools.goreleaser."platforms.windows-x64"]
checksum = "sha256:3deea8ff471aa258a2d99f3e5302971d7028647ae8ddaf103257a8113e485a31"
url = "https://github.com/goreleaser/goreleaser/releases/download/v2.14.3/goreleaser_Windows_x86_64.zip"
url_api = "https://api.github.com/repos/goreleaser/goreleaser/releases/assets/370190313"
provenance = "github-attestations"

[[tools.staticcheck]]
version = "2026.1"
backend = "aqua:dominikh/go-tools/staticcheck"

[tools.staticcheck."platforms.linux-arm64"]
checksum = "sha256:dde37c023073aff5d910a85536a80b92a2ae0db75f6a89afcec1272c4fabd6fd"
url = "https://github.com/dominikh/go-tools/releases/download/2026.1/staticcheck_linux_arm64.tar.gz"
url_api = "https://api.github.com/repos/dominikh/go-tools/releases/assets/355496043"

[tools.staticcheck."platforms.linux-arm64-musl"]
checksum = "sha256:dde37c023073aff5d910a85536a80b92a2ae0db75f6a89afcec1272c4fabd6fd"
url = "https://github.com/dominikh/go-tools/releases/download/2026.1/staticcheck_linux_arm64.tar.gz"
url_api = "https://api.github.com/repos/dominikh/go-tools/releases/assets/355496043"

[tools.staticcheck."platforms.linux-x64"]
checksum = "sha256:9242b4bf5b9f5481fd720ec6d1018b38fbffe0e2730e498923c6e8053e8576be"
url = "https://github.com/dominikh/go-tools/releases/download/2026.1/staticcheck_linux_amd64.tar.gz"
url_api = "https://api.github.com/repos/dominikh/go-tools/releases/assets/355495997"

[tools.staticcheck."platforms.linux-x64-musl"]
checksum = "sha256:9242b4bf5b9f5481fd720ec6d1018b38fbffe0e2730e498923c6e8053e8576be"
url = "https://github.com/dominikh/go-tools/releases/download/2026.1/staticcheck_linux_amd64.tar.gz"
url_api = "https://api.github.com/repos/dominikh/go-tools/releases/assets/355495997"

[tools.staticcheck."platforms.macos-arm64"]
checksum = "sha256:f71553886fe4bb313da317d7abc3e16fe3cae2dba54f1e07a94a1ae160beced2"
url = "https://github.com/dominikh/go-tools/releases/download/2026.1/staticcheck_darwin_arm64.tar.gz"
url_api = "https://api.github.com/repos/dominikh/go-tools/releases/assets/355495874"

[tools.staticcheck."platforms.macos-x64"]
checksum = "sha256:4b1483a2b21d555bc04dedb00823143dca66d5e53ac98db8e55ae6df87bebfad"
url = "https://github.com/dominikh/go-tools/releases/download/2026.1/staticcheck_darwin_amd64.tar.gz"
url_api = "https://api.github.com/repos/dominikh/go-tools/releases/assets/355495862"

[tools.staticcheck."platforms.windows-x64"]
checksum = "sha256:98755d516530d03058ac59cb58ab7fbb9d487d0bc2e16d16e1f700833381e135"
url = "https://github.com/dominikh/go-tools/releases/download/2026.1/staticcheck_windows_amd64.tar.gz"
url_api = "https://api.github.com/repos/dominikh/go-tools/releases/assets/355496125"

[[tools.terraform]]
version = "1.14.9"
backend = "aqua:hashicorp/terraform"

[tools.terraform."platforms.linux-arm64"]
checksum = "sha256:863002085b886453795d9ff4b8989b8468784478150b70ba8a1df3e3ad66da99"
url = "https://releases.hashicorp.com/terraform/1.14.9/terraform_1.14.9_linux_arm64.zip"

[tools.terraform."platforms.linux-arm64-musl"]
checksum = "sha256:863002085b886453795d9ff4b8989b8468784478150b70ba8a1df3e3ad66da99"
url = "https://releases.hashicorp.com/terraform/1.14.9/terraform_1.14.9_linux_arm64.zip"

[tools.terraform."platforms.linux-x64"]
checksum = "sha256:2e5cffc20a0b48a67a76268723bd5a10b8666f69b2aa4f04906e206726bedd63"
url = "https://releases.hashicorp.com/terraform/1.14.9/terraform_1.14.9_linux_amd64.zip"

[tools.terraform."platforms.linux-x64-musl"]
checksum = "sha256:2e5cffc20a0b48a67a76268723bd5a10b8666f69b2aa4f04906e206726bedd63"
url = "https://releases.hashicorp.com/terraform/1.14.9/terraform_1.14.9_linux_amd64.zip"

[tools.terraform."platforms.macos-arm64"]
checksum = "sha256:5bc0b11b7a63c8984a41d82523356df46f7833c2e9651a39a7f8919422de5cde"
url = "https://releases.hashicorp.com/terraform/1.14.9/terraform_1.14.9_darwin_arm64.zip"

[tools.terraform."platforms.macos-x64"]
checksum = "sha256:c15326e1af102d2767d40208a0157d1402057f80192991f56803b66457304cf3"
url = "https://releases.hashicorp.com/terraform/1.14.9/terraform_1.14.9_darwin_amd64.zip"

[tools.terraform."platforms.windows-x64"]
checksum = "sha256:5518b04ea610115b17b427b57d8ec1d50a42a2ad63ab2d7a453b788d6c804d14"
url = "https://releases.hashicorp.com/terraform/1.14.9/terraform_1.14.9_windows_amd64.zip"
